
Microsoft Visual Studio Solution File, Format Version 12.00
# Visual Studio Version 17
VisualStudioVersion = 17.7.34024.191
MinimumVisualStudioVersion = 10.0.40219.1
Project("{8BC9CEB8-8B4A-11D0-8D11-00A0C91BC942}") = "lab2b_20", "kruswxpr\kruswxpr.vcxproj", "{FA495233-CD3C-4E88-92EE-868E5FA8830A}"
EndProject
Project("{8BC9CEB8-8B4A-11D0-8D11-00A0C91BC942}") = "lab2b_5", "lab2b_5\lab2b_5.vcxproj", "{568A43BD-56DB-494A-A154-0215587C16E5}"
EndProject
Global
	GlobalSection(SolutionConfigurationPlatforms) = preSolution
		Debug|x64 = Debug|x64
		Debug|x86 = Debug|x86
		Release|x64 = Release|x64
		Release|x86 = Release|x86
	EndGlobalSection
	GlobalSection(ProjectConfigurationPlatforms) = postSolution
		{FA495233-CD3C-4E88-92EE-868E5FA8830A}.Debug|x64.ActiveCfg = Debug|x64
		{FA495233-CD3C-4E88-92EE-868E5FA8830A}.Debug|x64.Build.0 = Debug|x64
		{FA495233-CD3C-4E88-92EE-868E5FA8830A}.Debug|x86.ActiveCfg = Debug|Win32
		{FA495233-CD3C-4E88-92EE-868E5FA8830A}.Debug|x86.Build.0 = Debug|Win32
		{FA495233-CD3C-4E88-92EE-868E5FA8830A}.Release|x64.ActiveCfg = Release|x64
		{FA495233-CD3C-4E88-92EE-868E5FA8830A}.Release|x64.Build.0 = Release|x64
		{FA495233-CD3C-4E88-92EE-868E5FA8830A}.Release|x86.ActiveCfg = Release|Win32
		{FA495233-CD3C-4E88-92EE-868E5FA8830A}.Release|x86.Build.0 = Release|Win32
		{568A43BD-56DB-494A-A154-0215587C16E5}.Debug|x64.ActiveCfg = Debug|x64
		{568A43BD-56DB-494A-A154-0215587C16E5}.Debug|x64.Build.0 = Debug|x64
		{568A43BD-56DB-494A-A154-0215587C16E5}.Debug|x86.ActiveCfg = Debug|Win32
		{568A43BD-56DB-494A-A154-0215587C16E5}.Debug|x86.Build.0 = Debug|Win32
		{568A43BD-56DB-494A-A154-0215587C16E5}.Release|x64.ActiveCfg = Release|x64
		{568A43BD-56DB-494A-A154-0215587C16E5}.Release|x64.Build.0 = Release|x64
		{568A43BD-56DB-494A-A154-0215587C16E5}.Release|x86.ActiveCfg = Release|Win32
		{568A43BD-56DB-494A-A154-0215587C16E5}.Release|x86.Build.0 = Release|Win32
	EndGlobalSection
	GlobalSection(SolutionProperties) = preSolution
		HideSolutionNode = FALSE
	EndGlobalSection
	GlobalSection(ExtensibilityGlobals) = postSolution
		SolutionGuid = {D0B95221-D88B-46A7-95F8-20FD9F1A2252}
	EndGlobalSection
EndGlobal
